# Licensed to the Apache Software Foundation (ASF) under one or more
# contributor license agreements.  See the NOTICE file distributed with
# this work for additional information regarding copyright ownership.
# The ASF licenses this file to You under the Apache License, Version 2.0
# (the "License"); you may not use this file except in compliance with
# the License.  You may obtain a copy of the License at
#
#    http://www.apache.org/licenses/LICENSE-2.0
#
# Unless required by applicable law or agreed to in writing, software
# distributed under the License is distributed on an "AS IS" BASIS,
# WITHOUT WARRANTIES OR CONDITIONS OF ANY KIND, either express or implied.
# See the License for the specific language governing permissions and
# limitations under the License.

# This file may be used to create an environment using:
# $ conda create --name <env> --file <this file>
# platform: linux-64
# created-by: conda 26.7.2
@EXPLICIT
https://conda.anaconda.org/conda-forge/noarch/ca-certificates-2026.7.22-hbd8a1cb_0.conda#0f51e2391ade309db462a55611263e9c
https://conda.anaconda.org/conda-forge/noarch/font-ttf-dejavu-sans-mono-2.37-hab24e00_0.tar.bz2#0c96522c6bdaed4b1566d11387caaf45
https://conda.anaconda.org/conda-forge/noarch/font-ttf-inconsolata-3.000-h77eed37_0.tar.bz2#34893075a5c9e55cdafac56607368fc6
https://conda.anaconda.org/conda-forge/noarch/font-ttf-source-code-pro-2.038-h77eed37_0.tar.bz2#4d59c254e01d9cde7957100457e2d5fb
https://conda.anaconda.org/conda-forge/noarch/font-ttf-ubuntu-0.83-h77eed37_3.conda#49023d73832ef61042f6a237cb2687e7
https://conda.anaconda.org/conda-forge/linux-64/libgomp-16.2.0-he0feb66_7.conda#d904c7ddd95e026254b4b80808ee9e12
https://conda.anaconda.org/conda-forge/linux-64/libopentelemetry-cpp-headers-1.27.0-ha770c72_1.conda#6cc68cbbe88746be8beaf027d6c64ad3
https://conda.anaconda.org/conda-forge/linux-64/libzlib-1.3.2-h25fd6f3_3.conda#0de0122d9570a8ab637c6b73db268389
https://conda.anaconda.org/conda-forge/linux-64/nlohmann_json-3.12.0-h54a6638_2.conda#fe93be7dd9209e6ae673962e3031ff51
https://conda.anaconda.org/conda-forge/noarch/python_abi-3.14-9_cp314.conda#350d89b50d7de805abf2e63e29dee451
https://conda.anaconda.org/conda-forge/noarch/tzdata-2026c-h151e31d_0.conda#fcb489df604d100968b737f2cb6076c6
https://conda.anaconda.org/conda-forge/linux-64/_openmp_mutex-4.5-20_gnu.conda#a9f577daf3de00bca7c3c76c0ecbd1de
https://conda.anaconda.org/conda-forge/noarch/fonts-conda-forge-1-hc364b38_1.conda#a7970cd949a077b7cb9696379d338681
https://conda.anaconda.org/conda-forge/linux-64/zlib-1.3.2-h25fd6f3_3.conda#6acb86426229f96f93e5468d1df3a5e8
https://conda.anaconda.org/conda-forge/linux-64/zstd-1.5.7-hb78ec9c_7.conda#aa459086047c0e5e27023ab19f8cb86a
https://conda.anaconda.org/conda-forge/noarch/fonts-conda-ecosystem-1-0.tar.bz2#fee5683a3f04bd15cbd8318b096a27ab
https://conda.anaconda.org/conda-forge/linux-64/ld_impl_linux-64-2.46.1-default_hbd61a6d_102.conda#449500f2c089da11c40f5c21312e3e07
https://conda.anaconda.org/conda-forge/linux-64/libgcc-16.2.0-ha9f2e26_7.conda#735629b400b70eeab21a2ba8f5b1c2ce
https://conda.anaconda.org/conda-forge/linux-64/aws-c-common-0.14.2-hb03c661_0.conda#f3e0b2e044485ae90d4a59c77e7a0182
https://conda.anaconda.org/conda-forge/linux-64/bzip2-1.0.8-hda65f42_10.conda#e675fabcf81499adc7edf58124fb1e01
https://conda.anaconda.org/conda-forge/linux-64/c-ares-1.34.8-hebe6cf0_2.conda#3ad2b403be8fc5612b9159e2ce621f69
https://conda.anaconda.org/conda-forge/linux-64/fribidi-1.0.17-h7cc23a3_0.conda#f9d5302bca196ee87e62f393f2626562
https://conda.anaconda.org/conda-forge/linux-64/keyutils-1.6.3-h7cc23a3_1.conda#ba55d1b89fd7775e67de8291029b4059
https://conda.anaconda.org/conda-forge/linux-64/libbrotlicommon-1.2.0-h39a168f_4.conda#df210655e30a05e3b069c91b7aaddd2d
https://conda.anaconda.org/conda-forge/linux-64/libdeflate-1.25-hd45a770_1.conda#40f9b31aa9cf007789867df0decd0492
https://conda.anaconda.org/conda-forge/linux-64/libev-4.33-h280c20c_3.conda#7bc31538d6e3fb349e897353969237ec
https://conda.anaconda.org/conda-forge/linux-64/libexpat-2.8.5-hd2095e1_0.conda#72cfd2b95b0540247220b42f58a148d7
https://conda.anaconda.org/conda-forge/linux-64/libffi-3.7.0-h81df57d_1.conda#6525a0b06aa4fd390795f0740636a9dd
https://conda.anaconda.org/conda-forge/linux-64/libgcc-ng-16.2.0-h69a702a_7.conda#2005515ac9340f816fb2ac7e83afe553
https://conda.anaconda.org/conda-forge/linux-64/libgfortran5-16.2.0-h6b99dfc_7.conda#7719ed7be38ad8c492c4bd5cc2bce0c4
https://conda.anaconda.org/conda-forge/linux-64/libiconv-1.18-h0cb94f2_3.conda#f92233bf33e24a25668bb2119e2c51f9
https://conda.anaconda.org/conda-forge/linux-64/libjpeg-turbo-3.2.0-hb03c661_1.conda#898d1c9793eaa52efc4727bd84d2e39a
https://conda.anaconda.org/conda-forge/linux-64/liblzma-5.8.3-hb03c661_1.conda#1390b7c5ac0b1d8e447bc5efa6d3c8c2
https://conda.anaconda.org/conda-forge/linux-64/libmpdec-4.0.0-hb03c661_2.conda#fcfed1dc5053eb1901b66e7b1fc32588
https://conda.anaconda.org/conda-forge/linux-64/libpng-1.6.59-h922cc85_0.conda#8c9caf742a485ac688ffa88bbadbf0be
https://conda.anaconda.org/conda-forge/linux-64/libsodium-1.0.22-hebe6cf0_3.conda#2d14868d78e969226e4ba07444c0dd25
https://conda.anaconda.org/conda-forge/linux-64/libsqlite-3.53.4-h0737f62_102.conda#59ec6dc9fa87a6687c00969d4dcfcd97
https://conda.anaconda.org/conda-forge/linux-64/libstdcxx-16.2.0-h934c35e_7.conda#9b6707e0caca917fa6ea9ee473f37a5d
https://conda.anaconda.org/conda-forge/linux-64/libutf8proc-2.11.3-hfe17d71_0.conda#1247168fe4a0b8912e3336bccdbf98a5
https://conda.anaconda.org/conda-forge/linux-64/libuuid-2.42.4-hcfc3c73_0.conda#54a948337e66706380ff24d6b5fde63f
https://conda.anaconda.org/conda-forge/linux-64/libwebp-base-1.6.0-hd42ef1d_1.conda#9332b53d0ea93c5d39e33be03a0c611a
https://conda.anaconda.org/conda-forge/linux-64/ncurses-6.6-hdb14827_1.conda#ee6c0cd80a60961a1f48aa3e0b91f986
https://conda.anaconda.org/conda-forge/linux-64/openssl-3.6.5-h781a0a9_0.conda#5a51a2ea653f120240b1a9bf76e0aae9
https://conda.anaconda.org/conda-forge/linux-64/pthread-stubs-0.4-h7cc23a3_1004.conda#bb66b610707b811e3c65181a6431e7a8
https://conda.anaconda.org/conda-forge/linux-64/tk-8.6.13-noxft_h1df4ec4_4.conda#676a2f9b1c4fcf57b70aa5c65f6c60d0
https://conda.anaconda.org/conda-forge/linux-64/xorg-libice-1.1.2-h280c20c_0.conda#85c9442aec283b4e464fa9ecc484a2f3
https://conda.anaconda.org/conda-forge/linux-64/xorg-libxau-1.0.12-h7cc23a3_2.conda#da33efee1a93603d92e06d4a2b68def6
https://conda.anaconda.org/conda-forge/linux-64/xorg-libxdmcp-1.1.5-h7cc23a3_2.conda#eabfc45786244de252090cf8d55128a8
https://conda.anaconda.org/conda-forge/linux-64/yaml-0.2.5-hebe6cf0_3.conda#e741576fb8f89821ac7c1c537322a33d
https://conda.anaconda.org/conda-forge/linux-64/aws-c-cal-0.9.14-h2aa3ae6_4.conda#9c6072e7b882d35ac956c07e493d6a9e
https://conda.anaconda.org/conda-forge/linux-64/aws-c-compression-0.3.2-h720e601_4.conda#c9be3f5854f349ae77a1a174b59e11a8
https://conda.anaconda.org/conda-forge/linux-64/aws-c-sdkutils-0.2.7-h720e601_2.conda#816f62fa82532118ebb2398382090945
https://conda.anaconda.org/conda-forge/linux-64/aws-checksums-0.2.10-h720e601_4.conda#24ee781effc5779206a80139323c9caf
https://conda.anaconda.org/conda-forge/linux-64/gflags-2.3.1-h54a6638_0.conda#04be12e7dd050aaf364ece2393988e85
https://conda.anaconda.org/conda-forge/linux-64/graphite2-1.3.15-h54a6638_1.conda#f9fe2984587fa8235a6af6004760cd18
https://conda.anaconda.org/conda-forge/linux-64/icu-78.3-py310h44b86e0_2.conda#72a381cbad04f24b1c2a43ef707f45b4
https://conda.anaconda.org/conda-forge/linux-64/lerc-4.2.0-hdb68285_0.conda#fb9d356b1a57d6d54768be7ebd5fce09
https://conda.anaconda.org/conda-forge/linux-64/libabseil-20260526.0-cxx17_h0dc7533_2.conda#6983bfe8e09992014b9cf393769c7a84
https://conda.anaconda.org/conda-forge/linux-64/libaec-1.1.5-h088129d_0.conda#86f7414544ae606282352fa1e116b41f
https://conda.anaconda.org/conda-forge/linux-64/libbrotlidec-1.2.0-ha411449_4.conda#0cfd601eb03cca403dcc248844787486
https://conda.anaconda.org/conda-forge/linux-64/libbrotlienc-1.2.0-h018ffa1_4.conda#4136f6e4ef4835cc7df39a707cbd511c
https://conda.anaconda.org/conda-forge/linux-64/libedit-3.1.20260512-pl5321h373387f_0.conda#27dbd7e2984b8fe48e069379636ccfdd
https://conda.anaconda.org/conda-forge/linux-64/libevent-2.1.12-h5348a74_2.conda#2e699c6e151045b2cfea34b53ed69439
https://conda.anaconda.org/conda-forge/linux-64/libfreetype6-2.14.3-h5e6c136_2.conda#b72a266a9317036fd0464cb98b027cd0
https://conda.anaconda.org/conda-forge/linux-64/libgfortran-16.2.0-h69a702a_7.conda#3a8d285f5f22138ef826ad54cf267e73
https://conda.anaconda.org/conda-forge/linux-64/libnghttp2-1.68.1-h74cf4be_1.conda#75d211f04ac87506f1f43420712a69fe
https://conda.anaconda.org/conda-forge/linux-64/libpython-3.14.8-hdc7f604_101_cp314.conda#5782a594549b816514ca434a42bbf11a
https://conda.anaconda.org/conda-forge/linux-64/libssh2-1.11.1-h6154650_1.conda#5c526561e1d2a2e071941174eae84557
https://conda.anaconda.org/conda-forge/linux-64/libstdcxx-ng-16.2.0-hdf11a46_7.conda#25a23bde5e26d548374f3e02b4669670
https://conda.anaconda.org/conda-forge/linux-64/libxcb-1.17.0-hb83e432_2.conda#61f0ffba9161cbb3a77722869b21e4bb
https://conda.anaconda.org/conda-forge/linux-64/libzip-1.11.4-h6008cf6_0.conda#05adf41813469e50f2103db6eba38edb
https://conda.anaconda.org/conda-forge/linux-64/lz4-c-1.10.0-hee9eb32_2.conda#e38a3253d72ab07d471483f24947e2a2
https://conda.anaconda.org/conda-forge/linux-64/pcre2-10.47-h8b3dc9c_1.conda#06f6113cf1ff4a54b65f87ead132a5f1
https://conda.anaconda.org/conda-forge/linux-64/pixman-0.46.4-h54a6638_3.conda#0ee5bb30034b081a1386c1e2c98ab0a7
https://conda.anaconda.org/conda-forge/linux-64/readline-8.3-hd6e31c0_1.conda#69c01c781e7c8190bbdaf79e3848c5ca
https://conda.anaconda.org/conda-forge/linux-64/s2n-1.7.5-h7e3ee7f_1.conda#fa1c00d999e83ec20173c9775f71a1f1
https://conda.anaconda.org/conda-forge/linux-64/snappy-1.2.2-h34e00bb_2.conda#2b7e31ffbd476eecf33b3b833692339c
https://conda.anaconda.org/conda-forge/linux-64/xorg-libsm-1.2.6-h0d788c3_1.conda#aa7459ed9ad086ba11dda843d764b33d
https://conda.anaconda.org/conda-forge/linux-64/zlib-ng-2.3.3-hce19668_1.conda#1726acec19beeed1c764385cd8622405
https://conda.anaconda.org/conda-forge/linux-64/aws-c-io-0.27.3-h6f4d18d_1.conda#bd19b685b88557830f1a617a6d404eb2
https://conda.anaconda.org/conda-forge/linux-64/blosc-1.21.6-he440d0b_1.conda#2c2fae981fd2afd00812c92ac47d023d
https://conda.anaconda.org/conda-forge/linux-64/brotli-bin-1.2.0-h9908984_4.conda#c48c09444f3736800ea0b9550c365baf
https://conda.anaconda.org/conda-forge/linux-64/glog-0.7.1-hb7133d2_1.conda#6941f96b8a8056677d79b4f5a2c4aaca
https://conda.anaconda.org/conda-forge/linux-64/hdf4-4.2.15-h2a13503_7.conda#bd77f8da987968ec3927990495dc22e4
https://conda.anaconda.org/conda-forge/linux-64/krb5-1.22.2-hbc21106_2.conda#53318d715316929a574f83591308b1f8
https://conda.anaconda.org/conda-forge/linux-64/libcrc32c-1.1.2-h9c3ff4c_0.tar.bz2#c965a5aa0d5c1c37ffc62dff36e28400
https://conda.anaconda.org/conda-forge/linux-64/libfreetype-2.14.3-ha770c72_2.conda#f8054e759d0ddddaf34a5c8fedc900a1
https://conda.anaconda.org/conda-forge/linux-64/libglib-2.90.0-h569388d_0.conda#c85e9539551f1fd21104e518d940c244
https://conda.anaconda.org/conda-forge/linux-64/libopenblas-0.3.34-pthreads_hf13c14d_2.conda#7e19fcd73d7f0997d3cb3326d2586a86
https://conda.anaconda.org/conda-forge/linux-64/libprotobuf-7.35.1-h622638d_3.conda#fd307b61cceb36fdca38e1718bdb2893
https://conda.anaconda.org/conda-forge/linux-64/libpsl-0.23.1-hd9e3e90_1.conda#77be60417aa572afcb48cbe0f967401d
https://conda.anaconda.org/conda-forge/linux-64/libre2-11-2025.11.05-h60473fc_2.conda#ee5c400d37b79db5d32a69ed1a79fc0b
https://conda.anaconda.org/conda-forge/linux-64/libthrift-0.22.0-h7d032f7_2.conda#b6e326fbe1e3948da50ec29cee0380db
https://conda.anaconda.org/conda-forge/linux-64/libtiff-4.7.2-hcc2c06a_1.conda#0907d876f460ebc941ae590338b6102f
https://conda.anaconda.org/conda-forge/linux-64/libxml2-16-2.15.4-hf3af7cc_1.conda#046d9eada488e1a1657c80b55c23da52
https://conda.anaconda.org/conda-forge/linux-64/python-3.14.8-hcd007b5_101_cp314.conda#5cb98b237dfc2c64a65e660d7b99cfa5
https://conda.anaconda.org/conda-forge/linux-64/qhull-2020.2-h434a139_5.conda#353823361b1d27eb3960efb076dfcaf6
https://conda.anaconda.org/conda-forge/linux-64/xorg-libx11-1.8.13-he1eb515_1.conda#8c282bbe4808a3cc80a5c98e9aec1cfc
https://conda.anaconda.org/conda-forge/noarch/asttokens-3.0.2-pyhd8ed1ab_0.conda#89d495168582cb00428dad699d149624
https://conda.anaconda.org/conda-forge/noarch/attrs-26.1.0-pyhcf101f3_0.conda#c6b0543676ecb1fb2d7643941fe375f2
https://conda.anaconda.org/conda-forge/linux-64/aws-c-event-stream-0.7.1-h6ffeea8_4.conda#204d1e8d60c3ae839bd1898e4c7742c8
https://conda.anaconda.org/conda-forge/linux-64/aws-c-http-0.11.0-h38ae05a_4.conda#97f2799ae6ff7b6f52dfa321fef9676b
https://conda.anaconda.org/conda-forge/noarch/backports.zstd-1.7.0-py314h680f03e_1.conda#67924260a851b5273e39f9b28b6b5e24
https://conda.anaconda.org/conda-forge/linux-64/brotli-1.2.0-h505cf86_4.conda#746aa619a1bcaf4da541101179d7c60e
https://conda.anaconda.org/conda-forge/linux-64/brotli-python-1.2.0-py314hcd2bdb6_4.conda#d9aabceecc99b3b8b0eb7090c5776af4
https://conda.anaconda.org/conda-forge/noarch/certifi-2026.7.22-pyhd8ed1ab_0.conda#37e13edbe3b48f1095a9d085ef9cd83b
https://conda.anaconda.org/conda-forge/noarch/click-8.5.0-pyh5ded981_0.conda#dea5b13a211bbf99876deb980b408a66
https://conda.anaconda.org/conda-forge/noarch/cloudpickle-3.1.2-pyhcf101f3_1.conda#61b8078a0905b12529abc622406cb62c
https://conda.anaconda.org/conda-forge/noarch/colorcet-3.2.1-pyhd8ed1ab_0.conda#0b6419b9a27c540bd96e66e12a44c379
https://conda.anaconda.org/conda-forge/noarch/comm-0.2.3-pyhe01879c_0.conda#2da13f2b299d8e1995bafbbe9689a2f7
https://conda.anaconda.org/conda-forge/noarch/cpython-3.14.8-py314hd8ed1ab_101.conda#5d4db5def0cc53b589ab6ed29d8a78e2
https://conda.anaconda.org/conda-forge/linux-64/cramjam-2.11.0-py314haf003cf_2.conda#24b0934613e9e0404436ee469629cb74
https://conda.anaconda.org/conda-forge/noarch/cycler-0.12.1-pyhcf101f3_2.conda#4c2a8fef270f6c69591889b93f9f55c1
https://conda.anaconda.org/conda-forge/linux-64/debugpy-1.8.22-py314hf3b331d_0.conda#a11014e354d97185f630899f5e441ccb
https://conda.anaconda.org/conda-forge/noarch/executing-2.2.1-pyhd8ed1ab_0.conda#ff9efb7f7469aed3c4a8106ffa29593c
https://conda.anaconda.org/conda-forge/linux-64/fontconfig-2.18.3-h4db4eae_1.conda#922776b528a470ab5afa81fd42abfa1d
https://conda.anaconda.org/conda-forge/linux-64/freetype-2.14.3-ha770c72_2.conda#2d0ea23b23603e07ca47f23f949f67b6
https://conda.anaconda.org/conda-forge/noarch/fsspec-2026.9.0-pyhd8ed1ab_0.conda#42de5cd170647599a84f468a42fabb89
https://conda.anaconda.org/conda-forge/linux-64/google-crc32c-1.8.0-py314h34eed7f_2.conda#66938009746e41cdbccfeee9bb8a8db5
https://conda.anaconda.org/conda-forge/noarch/hpack-4.2.0-pyhd8ed1ab_0.conda#b395909221b9bd1df066e5930e18855b
https://conda.anaconda.org/conda-forge/noarch/hyperframe-6.1.0-pyhd8ed1ab_0.conda#8e6923fc12f1fe8f8c4e5c9f343256ac
https://conda.anaconda.org/conda-forge/noarch/idna-3.20-pyh5ded981_0.conda#ee73be987f9de9ea5c2fdaeefa7b6491
https://conda.anaconda.org/conda-forge/noarch/interface_meta-1.3.0-pyhd8ed1ab_1.conda#97f07ae607e01877f0454fce4c833e40
https://conda.anaconda.org/conda-forge/linux-64/kiwisolver-1.5.1-py314h5383ef5_3.conda#f8b25504f794b11a671868f7262aeab0
https://conda.anaconda.org/conda-forge/linux-64/lcms2-2.19.1-h9073bf1_3.conda#596464faa06e0b656b35416188ef9bba
https://conda.anaconda.org/conda-forge/linux-64/libblas-3.11.0-11_h4a7cf45_openblas.conda#b8cce1486f3c62f33291d6318c193d0d
https://conda.anaconda.org/conda-forge/linux-64/libcurl-8.22.0-ha042cf0_0.conda#e617deee7af8eb0c04f6296d12b54157
https://conda.anaconda.org/conda-forge/linux-64/libxml2-2.15.4-h7df9aa5_1.conda#51e5162f95bd6840f6b2b3169125fff5
https://conda.anaconda.org/conda-forge/noarch/locket-1.0.0-pyhd8ed1ab_0.tar.bz2#91e27ef3d05cc772ce627e51cff111c4
https://conda.anaconda.org/conda-forge/linux-64/lz4-4.4.5-py314ha0fddcf_2.conda#af9cd121b51eea93d3d964f470caac43
https://conda.anaconda.org/conda-forge/linux-64/markupsafe-3.0.4-py314hd42368d_0.conda#ecf127b3e680727210464dc526254a73
https://conda.anaconda.org/conda-forge/noarch/mdurl-0.1.2-pyhd8ed1ab_1.conda#592132998493b3ff25fd7479396e8351
https://conda.anaconda.org/conda-forge/linux-64/msgpack-python-1.2.3-py314h5383ef5_0.conda#d91ed0c0fe2df67f0a80fdc47a9842e4
https://conda.anaconda.org/conda-forge/linux-64/msgspec-0.22.0-py314h89acca1_0.conda#d0b947875606aa09cb40ee9900202b3b
https://conda.anaconda.org/conda-forge/noarch/munkres-1.1.4-pyhd8ed1ab_1.conda#37293a85a0f4f77bbd9cf7aaefc62609
https://conda.anaconda.org/conda-forge/noarch/narwhals-2.27.0-pyh5ded981_0.conda#9e4512fe1aa400d3c08d1ced8eab3139
https://conda.anaconda.org/conda-forge/noarch/nest-asyncio2-1.7.3-pyh5ded981_0.conda#409939a1f19ecec35d0b89e7889ecd92
https://conda.anaconda.org/conda-forge/noarch/networkx-3.7-pyhc364b38_0.conda#ddc679d85e7c9c3738efd303b6580c69
https://conda.anaconda.org/conda-forge/linux-64/openjpeg-2.5.4-heb1ab33_2.conda#a3f3ac7a68d01c198e276dbb99e62032
https://conda.anaconda.org/conda-forge/linux-64/orc-2.3.1-h443056b_0.conda#1280a5f8270f30b89cc8373ecfe8899d
https://conda.anaconda.org/conda-forge/noarch/packaging-26.3-pyhc364b38_0.conda#936687ed80f295a1f5dbcf8bd34c252c
https://conda.anaconda.org/conda-forge/noarch/param-2.4.2-pyhc455866_0.conda#b7a075425adcc95fd5429984a4a5790f
https://conda.anaconda.org/conda-forge/noarch/parso-0.8.7-pyhcf101f3_0.conda#39894c952938276405a1bd30e4ce2caf
https://conda.anaconda.org/conda-forge/noarch/pip-26.2.1-pyh145f28c_0.conda#573cb3ed111004230ed3de650653cd4d
https://conda.anaconda.org/conda-forge/noarch/platformdirs-4.12.4-pyh5ded981_0.conda#1a1ecf449d88e4a376c69519857f6a5d
https://conda.anaconda.org/conda-forge/linux-64/protobuf-7.35.1-py314h0469dc4_3.conda#456ee1d1f678d81c8dcbf70c71941e81
https://conda.anaconda.org/conda-forge/linux-64/psutil-7.2.2-py314hfe1a184_3.conda#23189243badc4f63a0f05c429aba161d
https://conda.anaconda.org/conda-forge/noarch/ptyprocess-0.7.0-pyhd8ed1ab_1.conda#7d9daffbb8d8e0af0f769dbbcd173a54
https://conda.anaconda.org/conda-forge/noarch/pure_eval-0.2.4-pyhd8ed1ab_0.conda#35993ea8ef5e76333e6efb6a0ffb3771
https://conda.anaconda.org/conda-forge/noarch/pycodestyle-2.15.0-pyh5ded981_0.conda#6ac7726367d7b5b7378630d2e0ef94e6
https://conda.anaconda.org/conda-forge/noarch/pygments-2.21.0-pyhcf101f3_0.conda#2882dee445dfa45b0c5afce3ffb7730a
https://conda.anaconda.org/conda-forge/noarch/pyparsing-3.3.3-pyh5ded981_0.conda#8bf43ae1312e9b966063459e04c20fa7
https://conda.anaconda.org/conda-forge/noarch/pysocks-1.7.1-pyha55dd90_7.conda#461219d1a5bd61342293efa2c0c90eac
https://conda.anaconda.org/conda-forge/noarch/python-tzdata-2026.5-pyh5ded981_0.conda#4a0ae2a06b469e6f8ca95d0655e31c86
https://conda.anaconda.org/conda-forge/noarch/pytz-2026.5-pyh5ded981_0.conda#c5e97ff094d2214da824ccc08ebc5499
https://conda.anaconda.org/conda-forge/linux-64/pyyaml-6.0.3-py314h67df5f8_1.conda#2035f68f96be30dc60a5dfd7452c7941
https://conda.anaconda.org/conda-forge/linux-64/re2-2025.11.05-h94463f1_2.conda#d83f2ee212d217a6d745a00e5be84671
https://conda.anaconda.org/conda-forge/linux-64/rpds-py-2026.9.1-py314h7e8cd81_0.conda#2bf437da5f8d248f328f28efb27f297f
https://conda.anaconda.org/conda-forge/noarch/six-1.17.0-pyhe01879c_1.conda#3339e3b65d58accf4ca4fb8748ab16b3
https://conda.anaconda.org/conda-forge/noarch/sortedcontainers-2.4.0-pyhd8ed1ab_1.conda#0401a17ae845fa72c7210e206ec5647d
https://conda.anaconda.org/conda-forge/noarch/tblib-3.2.2-pyhcf101f3_0.conda#f88bb644823094f436792f80fba3207e
https://conda.anaconda.org/conda-forge/noarch/toolz-1.2.0-pyh5ded981_0.conda#17f8db9088267a3cb38d56cc22d268ae
https://conda.anaconda.org/conda-forge/linux-64/tornado-6.5.10-py314h89acca1_0.conda#d2bd0918d9c10df4fe2355e33fe7bc63
https://conda.anaconda.org/conda-forge/noarch/tqdm-4.70.1-pyhfa0c392_0.conda#ffc91f29264eeb8d3ba96fdc897316c3
https://conda.anaconda.org/conda-forge/noarch/traitlets-5.16.1-pyhcf101f3_0.conda#a79bf97561232a31447b6246c2153ab5
https://conda.anaconda.org/conda-forge/noarch/typing_extensions-4.16.0-pyhcf101f3_0.conda#c70ad746c22219b9700931707482992c
https://conda.anaconda.org/conda-forge/noarch/uc-micro-py-2.0.0-pyhcf101f3_0.conda#4fdd327852ffefc83173a7c029690d0c
https://conda.anaconda.org/conda-forge/linux-64/wrapt-2.5.0-py314hfe1a184_0.conda#afa80ae4b513d8989c5bb041ab0f3a66
https://conda.anaconda.org/conda-forge/linux-64/xorg-libxext-1.3.7-h7cc23a3_1.conda#e5b6b28536b81b3f4cb20db4668a4642
https://conda.anaconda.org/conda-forge/linux-64/xorg-libxrender-0.9.12-hb03c661_1.conda#e470d224a7a5be1b1d021bded7abb536
https://conda.anaconda.org/conda-forge/noarch/xyzservices-2026.9.1-pyhd8ed1ab_0.conda#5d7c149ba9c728d4951f3fe6d3ce0f84
https://conda.anaconda.org/conda-forge/linux-64/zeromq-4.3.5-h901266b_12.conda#292a05f1436b98e17055090b5ef07746
https://conda.anaconda.org/conda-forge/noarch/zict-3.0.0-pyhd8ed1ab_1.conda#e52c2ef711ccf31bb7f70ca87d144b9e
https://conda.anaconda.org/conda-forge/noarch/zipp-4.1.1-pyh5ded981_0.conda#6cad4d2cec9b7b64538c225ac91d2e8a
https://conda.anaconda.org/conda-forge/linux-64/aws-c-auth-0.10.4-hb7a77c6_1.conda#4347d5ffdf34adf9c5edd10837727d96
https://conda.anaconda.org/conda-forge/linux-64/aws-c-mqtt-0.16.0-h21f4ec5_2.conda#9728195c2f600ef427a1964ee193e707
https://conda.anaconda.org/conda-forge/linux-64/azure-core-cpp-1.16.3-h206d751_0.conda#0cabc152dc8896c3a4c4aebf2b308627
https://conda.anaconda.org/conda-forge/linux-64/cairo-1.18.6-h3c89d7e_0.conda#7920701f9abcb488411495742cf365a7
https://conda.anaconda.org/conda-forge/linux-64/cytoolz-1.2.0-py314hfe1a184_0.conda#f5c6a287281329672c700ffde2f0f4a2
https://conda.anaconda.org/conda-forge/noarch/donfig-0.8.1.post1-pyhd8ed1ab_1.conda#c56a7fa5597ad78b62e1f5d21f7f8b8f
https://conda.anaconda.org/conda-forge/linux-64/fonttools-4.66.1-py314hd42368d_0.conda#3265ea810d2c81a2b37f0d5047179418
https://conda.anaconda.org/conda-forge/noarch/h2-4.4.1-pyhcf101f3_0.conda#e652ac7756069c456d0da2a922cd7df5
https://conda.anaconda.org/conda-forge/linux-64/hdf5-1.14.6-nompi_h19486de_110.conda#9c6e11a83468e1d5decae516077a73fb
https://conda.anaconda.org/conda-forge/noarch/importlib-metadata-9.0.1-pyhcf101f3_0.conda#77ec68e0aa61c3fff9ecbf840f93d64e
https://conda.anaconda.org/conda-forge/noarch/intake-2.0.9-pyhd8ed1ab_0.conda#e8501489d6720634f0a165ebf32d42d1
https://conda.anaconda.org/conda-forge/noarch/ipython_pygments_lexers-1.1.1-pyhd8ed1ab_0.conda#bd80ba060603cc228d9d81c257093119
https://conda.anaconda.org/conda-forge/noarch/jedi-0.20.0-pyhcf101f3_0.conda#c2b3d37aa1411031126036ee76a8a861
https://conda.anaconda.org/conda-forge/noarch/jinja2-3.1.6-pyhcf101f3_1.conda#04558c96691bed63104678757beb4f8d
https://conda.anaconda.org/conda-forge/noarch/jupyter_core-5.9.1-pyhc90fa1f_0.conda#b38fe4e78ee75def7e599843ef4c1ab0
https://conda.anaconda.org/conda-forge/linux-64/libcblas-3.11.0-11_h0358290_openblas.conda#73a248c30811075059b5aeda766c2624
https://conda.anaconda.org/conda-forge/linux-64/libgrpc-1.82.1-h284dbb2_1.conda#9572bcb680a58fd837ec10982810d609
https://conda.anaconda.org/conda-forge/linux-64/liblapack-3.11.0-11_h47877c9_openblas.conda#5622a13917855ce4b953b9e655cf9262
https://conda.anaconda.org/conda-forge/noarch/linkify-it-py-2.2.0-pyhcf101f3_0.conda#786c0fa25c80049e9d4b5cd960a5a0b2
https://conda.anaconda.org/conda-forge/noarch/markdown-it-py-4.2.0-pyhd8ed1ab_0.conda#6d03368f2b2b0a5fb6839df53b2eb5e0
https://conda.anaconda.org/conda-forge/noarch/matplotlib-inline-0.2.2-pyhd8ed1ab_0.conda#9acc1c385be401d533ff70ef5b50dae6
https://conda.anaconda.org/conda-forge/noarch/partd-1.4.2-pyhd8ed1ab_0.conda#0badf9c54e24cecfb0ad2f99d680c163
https://conda.anaconda.org/conda-forge/noarch/pexpect-4.9.0-pyhd8ed1ab_1.conda#d0d408b1f18883a944376da5cf8101ea
https://conda.anaconda.org/conda-forge/linux-64/pillow-12.3.0-py314h50bfbbb_4.conda#2180323126daa9971a80cc679cf12f46
https://conda.anaconda.org/conda-forge/noarch/plotly-7.1.0-pyhd8ed1ab_0.conda#7842399da4895e5c5174cf6b44ef1c36
https://conda.anaconda.org/conda-forge/linux-64/prometheus-cpp-1.3.0-h26ae035_1.conda#dded2177cb0602c33ef3fe6b08acf4dc
https://conda.anaconda.org/conda-forge/noarch/python-dateutil-2.9.0.post0-pyhe01879c_2.conda#5b8d21249ff20967101ffa321cab24e8
https://conda.anaconda.org/conda-forge/noarch/python-gil-3.14.8-h4df99d1_101.conda#4dad6322fdfbdc63f24f0563d22fbff8
https://conda.anaconda.org/conda-forge/noarch/pyviz_comms-3.0.6-pyhd8ed1ab_0.conda#e0f2c3ecb4dc40d031bbe88869a2a7a1
https://conda.anaconda.org/conda-forge/noarch/referencing-0.37.0-pyhcf101f3_0.conda#870293df500ca7e18bedefa5838a22ab
https://conda.anaconda.org/conda-forge/linux-64/sqlalchemy-2.1.4-py314hfe1a184_0.conda#ebc7f665f87f6aa9e017a1a4311b685d
https://conda.anaconda.org/conda-forge/noarch/stack_data-0.6.3-pyhd8ed1ab_1.conda#b1b505328da7a6b246787df4b5a49fbc
https://conda.anaconda.org/conda-forge/noarch/typing-extensions-4.16.0-h69aa097_0.conda#c680b5747e8c4c8f23dca0bb7042a8fc
https://conda.anaconda.org/conda-forge/noarch/_python_abi3_support-1.0-hd8ed1ab_3.conda#3845f3d75991bae0fb90884662f4327c
https://conda.anaconda.org/conda-forge/linux-64/aws-c-s3-0.12.8-h46fcd08_1.conda#706aa99414d18db5b23475b45cc93a0b
https://conda.anaconda.org/conda-forge/linux-64/azure-identity-cpp-1.13.3-h71f81a8_2.conda#f4fc754ec17176046988c46a54962a8c
https://conda.anaconda.org/conda-forge/linux-64/azure-storage-common-cpp-12.14.0-hf596fc9_1.conda#7896f4a6ee78538e2d0261e3b36dfa69
https://conda.anaconda.org/conda-forge/noarch/dask-core-2026.8.0-pyhc364b38_0.conda#2ccdf45d2372e15c7edcb7a72d573e76
https://conda.anaconda.org/conda-forge/linux-64/grpcio-1.82.1-py314h39801aa_1.conda#dbc3d26c6bc52cc02fc08558c08981b2
https://conda.anaconda.org/conda-forge/noarch/jsonschema-specifications-2025.9.1-pyhcf101f3_0.conda#439cd0f567d697b20a8f45cb70a1005a
https://conda.anaconda.org/conda-forge/linux-64/libharfbuzz-14.6.0-h23af247_1.conda#bd7ae146a629d6c17e4be9365d4ec811
https://conda.anaconda.org/conda-forge/linux-64/libnetcdf-4.10.1-nompi_h3fa17b5_201.conda#4612a01496444744808e82fa6da901d4
https://conda.anaconda.org/conda-forge/linux-64/libopentelemetry-cpp-1.27.0-h3133023_1.conda#f749f223bede1bac7724e49d686ac598
https://conda.anaconda.org/conda-forge/noarch/markdown-3.11-pyh5ded981_0.conda#8876bb88b606131cf858bd854755078d
https://conda.anaconda.org/conda-forge/noarch/mdit-py-plugins-0.6.1-pyhd8ed1ab_0.conda#ad6821df7a98510117db06e9a833281f
https://conda.anaconda.org/conda-forge/linux-64/numpy-2.5.3-py314hd3a7d6b_0.conda#d1ae35d69e57534c8713ff0368b9fdb9
https://conda.anaconda.org/conda-forge/noarch/urllib3-2.8.0-pyhd8ed1ab_0.conda#407a3d3778570bae8e8fcf554e803e43
https://conda.anaconda.org/conda-forge/linux-64/aws-crt-cpp-0.40.1-h102d43b_3.conda#3315ce09371baf6d70248b8927aa9866
https://conda.anaconda.org/conda-forge/linux-64/azure-storage-blobs-cpp-12.18.0-h74b55db_1.conda#43151a3b0a8e037747d79a82dff9f967
https://conda.anaconda.org/conda-forge/linux-64/cftime-1.6.5-py314h12ceea2_2.conda#6b75e66981d66ebc1709356e7c8fd6a7
https://conda.anaconda.org/conda-forge/linux-64/charset-normalizer-3.5.2-h1114479_0.conda#78d5c6112c9320a1a797935cecfec7c2
https://conda.anaconda.org/conda-forge/linux-64/contourpy-1.4.0-py314h5383ef5_1.conda#2848b95cbf026062b30f3f1f504a2f61
https://conda.anaconda.org/conda-forge/noarch/distributed-2026.8.0-pyhc364b38_0.conda#f382c4eed5376ee372a6e67a0f6cd4d9
https://conda.anaconda.org/conda-forge/noarch/jsonschema-4.26.0-pyhcf101f3_1.conda#204b5ca91eba7738790ecc333facbbbe
https://conda.anaconda.org/conda-forge/linux-64/libgoogle-cloud-3.8.0-hbc29df5_0.conda#60ff8935e16bf2fd302289ec4f129df8
https://conda.anaconda.org/conda-forge/linux-64/libraqm-0.11.0-h6406941_0.conda#3ac89a48d224409739dbf6200e524373
https://conda.anaconda.org/conda-forge/linux-64/nh3-0.3.7-py310h300b7de_0.conda#3daa2797f409eaa812a5914ee091bb8a
https://conda.anaconda.org/conda-forge/linux-64/numcodecs-0.17.0-py314h12ceea2_1.conda#565a3b1cd503bc0953f6c64fb99cd525
https://conda.anaconda.org/conda-forge/linux-64/pandas-2.3.3-py314ha0b5721_2.conda#fe3a5c8be07a7b82058bdeb39d33d93b
https://conda.anaconda.org/conda-forge/noarch/patsy-1.0.3-pyhcf101f3_0.conda#13e1355debaf21a0b8c2726697ebb01b
https://conda.anaconda.org/conda-forge/noarch/python-abi3-3.14-hab9af60_3.conda#ad28909b755a16c4f0d3fc8dfbff6fc7
https://conda.anaconda.org/conda-forge/linux-64/pyzmq-27.2.0-py312h8a5ba0d_2.conda#2186325469ffe83c7b8807d638a478d9
https://conda.anaconda.org/conda-forge/linux-64/scipy-1.18.1-py314h36f0660_1.conda#2c5a3b238546edf4e3ea3bd9c1b9fa03
https://conda.anaconda.org/conda-forge/noarch/altair-6.3.0-pyh5ded981_0.conda#1cb5cead9cbc9d63615c8c1e489c6185
https://conda.anaconda.org/conda-forge/linux-64/aws-sdk-cpp-1.11.833-hc7390e0_9.conda#c65efa87d532339a090c87093097bf09
https://conda.anaconda.org/conda-forge/linux-64/azure-storage-files-datalake-cpp-12.16.0-h1f05bef_1.conda#70972c9cb0893d6499dd4118415a966b
https://conda.anaconda.org/conda-forge/noarch/bokeh-3.9.2-pyhd8ed1ab_0.conda#b2781afb860ae9ed84cb92bdebbc83ea
https://conda.anaconda.org/conda-forge/linux-64/fastparquet-2026.5.0-py314hc02f841_0.conda#7eacd1ab0881bd50ebf2824ae227098d
https://conda.anaconda.org/conda-forge/noarch/formulaic-1.2.2-pyhd8ed1ab_0.conda#f18f43fb3e20ab309d46faebfb3348b0
https://conda.anaconda.org/conda-forge/noarch/jupyter_client-8.10.0-pyhcf101f3_0.conda#85130259a26c023f53108dc9ab1cfb44
https://conda.anaconda.org/conda-forge/linux-64/libgoogle-cloud-storage-3.8.0-hdbdcf42_0.conda#84a8d5a661792da2127ab908b5ae83ef
https://conda.anaconda.org/conda-forge/linux-64/matplotlib-base-3.11.2-py314h9124352_1.conda#55d364956c0d3a01f6e39db3f6f6cc9b
https://conda.anaconda.org/conda-forge/noarch/mizani-0.14.6-pyhd8ed1ab_0.conda#d2971797ca5c7740b98cf360b2281879
https://conda.anaconda.org/conda-forge/linux-64/netcdf4-1.7.4-nompi_py311hf191b24_111.conda#f74c9633e74601c60560d29a3efb0aad
https://conda.anaconda.org/conda-forge/noarch/pandasql-0.7.3-pyhd8ed1ab_0.tar.bz2#7c72bbfc754396ade8e88759cbe0ac4a
https://conda.anaconda.org/conda-forge/noarch/requests-2.34.2-pyhcf101f3_0.conda#4a85203c1d80c1059086ae860836ffb9
https://conda.anaconda.org/conda-forge/noarch/vega_datasets-0.9.0-pyhd8ed1ab_1.conda#a2208a412fdfefbd36e9c740da9a3f3b
https://conda.anaconda.org/conda-forge/linux-64/wcwidth-0.9.2-py311hd139983_0.conda#e240064460bf1bbd26bb6750414d08f2
https://conda.anaconda.org/conda-forge/noarch/xarray-2026.9.0-pyh5ded981_0.conda#5d0c655c6018bef6774fedb867cdc172
https://conda.anaconda.org/conda-forge/noarch/zarr-3.4.1-pyhc364b38_0.conda#052cab2fa318f6ffeefc149addd9e6fb
https://conda.anaconda.org/conda-forge/linux-64/libarrow-25.0.0-hcc2f0d9_4_cpu.conda#c344b5608c65a09b341f2e784efb4422
https://conda.anaconda.org/conda-forge/noarch/panel-core-1.9.4-pyha770c72_0.conda#1eadc447fefbf45d24896f212efacf0d
https://conda.anaconda.org/conda-forge/noarch/prompt-toolkit-3.0.53-pyha770c72_0.conda#39c92a39517316e5001d645ae63d9ab9
https://conda.anaconda.org/conda-forge/noarch/seaborn-base-0.13.2-pyhd8ed1ab_3.conda#fd96da444e81f9e6fcaac38590f3dd42
https://conda.anaconda.org/conda-forge/linux-64/statsmodels-0.15.0-np2py314h8874201_2.conda#f7ce33f5fb4b72ccfdadcd68571b7a81
https://conda.anaconda.org/conda-forge/noarch/ipython-9.17.1-pyh53cf698_0.conda#0e28933e51c1d05c179bfd595ead8aee
https://conda.anaconda.org/conda-forge/linux-64/libarrow-compute-25.0.0-h53684a4_4_cpu.conda#05f6b378ae80d2d06e35dc794412da3a
https://conda.anaconda.org/conda-forge/linux-64/libparquet-25.0.0-h7376487_4_cpu.conda#d736a4f89a3b63f9970152923e4c3016
https://conda.anaconda.org/conda-forge/noarch/panel-material-ui-0.16.1-pyhd8ed1ab_0.conda#0ce122acd759edee5b5616a6ad55eb9d
https://conda.anaconda.org/conda-forge/noarch/plotnine-0.15.8-pyhd8ed1ab_0.conda#fdcd716f5a932ed08b39e205b429b54d
https://conda.anaconda.org/conda-forge/noarch/seaborn-0.13.2-hd8ed1ab_3.conda#62afb877ca2c2b4b6f9ecb37320085b6
https://conda.anaconda.org/conda-forge/noarch/ipykernel-7.4.0-pyh4a3486f_0.conda#b30ccec6bab1c659917938b6a37d8463
https://conda.anaconda.org/conda-forge/linux-64/libarrow-acero-25.0.0-h635bf11_4_cpu.conda#64fad2fca810b34f5bbc9738a6fb298f
https://conda.anaconda.org/conda-forge/noarch/panel-1.9.4-pyhd8ed1ab_0.conda#4847acd23ffd36007518bfb310210910
https://conda.anaconda.org/conda-forge/linux-64/pyarrow-core-25.0.0-py314h969be7f_0_cpu.conda#4ab67ab85baaa448bae03e6d9de3b4a7
https://conda.anaconda.org/conda-forge/noarch/holoviews-1.23.2-pyhd8ed1ab_0.conda#7d0a5819a65af3a377b49646fd0f9458
https://conda.anaconda.org/conda-forge/linux-64/libarrow-dataset-25.0.0-h635bf11_4_cpu.conda#26f7b996f0674217f78d5c6432445b71
https://conda.anaconda.org/conda-forge/noarch/hvplot-0.12.2-pyhd8ed1ab_0.conda#a3ebf00cb037e464061fcf68a5a75d83
https://conda.anaconda.org/conda-forge/linux-64/libarrow-substrait-25.0.0-h66fbfdd_4_cpu.conda#287c5915a8b8bf79613840e0df9dc7b7
https://conda.anaconda.org/conda-forge/linux-64/pyarrow-25.0.0-py314hdafbbf9_0.conda#2cd4fd80bec78a128b26fe81c4d07ead
https://conda.anaconda.org/conda-forge/noarch/dask-2026.8.0-pyhc364b38_0.conda#e79afa78ebd31bb1e76de5fe117edb29
https://conda.anaconda.org/conda-forge/noarch/intake-parquet-0.3.0-pyhd8ed1ab_1.conda#ceff21f71e8d5f8fee73bb7219693373
https://conda.anaconda.org/conda-forge/noarch/intake-xarray-2.0.0-pyhd8ed1ab_1.conda#9ff534be39502e636cb4d25dc6696c66
